PODS:
  - CTAssetsPickerController (3.3.2-alpha):
    - PureLayout (~> 3.0.0)
  - PureLayout (3.0.2)

DEPENDENCIES:
  - CTAssetsPickerController (from `.`)

SPEC REPOS:
  https://github.com/CocoaPods/Specs.git:
    - PureLayout

EXTERNAL SOURCES:
  CTAssetsPickerController:
    :path: "."

SPEC CHECKSUMS:
  CTAssetsPickerController: 1b9a68b8ac0c41fa0666a92d9772385901b7254e
  PureLayout: 4d550abe49a94f24c2808b9b95db9131685fe4cd

PODFILE CHECKSUM: cecbcc000ecff8e9544c53d80b2bd556dbf4c859

COCOAPODS: 1.8.1
